
Microsoft Visual Studio Solution File, Format Version 11.00
# Visual Studio 2010
Project("{CC5FD16D-436D-48AD-A40C-5A424C6E3E79}") = "AzureForGit", "AzureForGit\AzureForGit.ccproj", "{FC97F204-3248-43EA-BC5B-EBCA916B3A5E}"
EndProject
Project("{FAE04EC0-301F-11D3-BF4B-00C04F79EFBC}") = "MvcWebRole1", "MvcWebRole1\MvcWebRole1.csproj", "{1DF2A999-8BD2-49AB-8C40-4333115FE6E8}"
EndProject
Global
	GlobalSection(SolutionConfigurationPlatforms) = preSolution
		Debug|Any CPU = Debug|Any CPU
		Release|Any CPU = Release|Any CPU
	EndGlobalSection
	GlobalSection(ProjectConfigurationPlatforms) = postSolution
		{FC97F204-3248-43EA-BC5B-EBCA916B3A5E}.Debug|Any CPU.ActiveCfg = Debug|Any CPU
		{FC97F204-3248-43EA-BC5B-EBCA916B3A5E}.Debug|Any CPU.Build.0 = Debug|Any CPU
		{FC97F204-3248-43EA-BC5B-EBCA916B3A5E}.Release|Any CPU.ActiveCfg = Release|Any CPU
		{FC97F204-3248-43EA-BC5B-EBCA916B3A5E}.Release|Any CPU.Build.0 = Release|Any CPU
		{1DF2A999-8BD2-49AB-8C40-4333115FE6E8}.Debug|Any CPU.ActiveCfg = Debug|Any CPU
		{1DF2A999-8BD2-49AB-8C40-4333115FE6E8}.Debug|Any CPU.Build.0 = Debug|Any CPU
		{1DF2A999-8BD2-49AB-8C40-4333115FE6E8}.Release|Any CPU.ActiveCfg = Release|Any CPU
		{1DF2A999-8BD2-49AB-8C40-4333115FE6E8}.Release|Any CPU.Build.0 = Release|Any CPU
	EndGlobalSection
	GlobalSection(SolutionProperties) = preSolution
		HideSolutionNode = FALSE
	EndGlobalSection
EndGlobal
